
Microsoft Visual Studio Solution File, Format Version 12.00
# Visual Studio Version 16
VisualStudioVersion = 16.0.30114.105
MinimumVisualStudioVersion = 10.0.40219.1
Project("{9A19103F-16F7-4668-BE54-9A1E7A4F7556}") = "desafio", "desafio\desafio.csproj", "{3FD83C10-B8DD-4D3B-B730-A48069175D54}"
EndProject
Project("{E53339B2-1760-4266-BCC7-CA923CBCF16C}") = "docker-compose", "docker-compose.dcproj", "{BC17E210-4446-4D1E-8A90-0BE82CD62F64}"
EndProject
Global
	GlobalSection(SolutionConfigurationPlatforms) = preSolution
		Debug|Any CPU = Debug|Any CPU
		Debug|x64 = Debug|x64
		Debug|x86 = Debug|x86
		Release|Any CPU = Release|Any CPU
		Release|x64 = Release|x64
		Release|x86 = Release|x86
	EndGlobalSection
	GlobalSection(ProjectConfigurationPlatforms) = postSolution
		{3FD83C10-B8DD-4D3B-B730-A48069175D54}.Debug|Any CPU.ActiveCfg = Debug|Any CPU
		{3FD83C10-B8DD-4D3B-B730-A48069175D54}.Debug|Any CPU.Build.0 = Debug|Any CPU
		{3FD83C10-B8DD-4D3B-B730-A48069175D54}.Debug|x64.ActiveCfg = Debug|Any CPU
		{3FD83C10-B8DD-4D3B-B730-A48069175D54}.Debug|x64.Build.0 = Debug|Any CPU
		{3FD83C10-B8DD-4D3B-B730-A48069175D54}.Debug|x86.ActiveCfg = Debug|Any CPU
		{3FD83C10-B8DD-4D3B-B730-A48069175D54}.Debug|x86.Build.0 = Debug|Any CPU
		{3FD83C10-B8DD-4D3B-B730-A48069175D54}.Release|Any CPU.ActiveCfg = Release|Any CPU
		{3FD83C10-B8DD-4D3B-B730-A48069175D54}.Release|Any CPU.Build.0 = Release|Any CPU
		{3FD83C10-B8DD-4D3B-B730-A48069175D54}.Release|x64.ActiveCfg = Release|Any CPU
		{3FD83C10-B8DD-4D3B-B730-A48069175D54}.Release|x64.Build.0 = Release|Any CPU
		{3FD83C10-B8DD-4D3B-B730-A48069175D54}.Release|x86.ActiveCfg = Release|Any CPU
		{3FD83C10-B8DD-4D3B-B730-A48069175D54}.Release|x86.Build.0 = Release|Any CPU
		{BC17E210-4446-4D1E-8A90-0BE82CD62F64}.Debug|Any CPU.ActiveCfg = Debug|Any CPU
		{BC17E210-4446-4D1E-8A90-0BE82CD62F64}.Debug|Any CPU.Build.0 = Debug|Any CPU
		{BC17E210-4446-4D1E-8A90-0BE82CD62F64}.Debug|x64.ActiveCfg = Debug|Any CPU
		{BC17E210-4446-4D1E-8A90-0BE82CD62F64}.Debug|x64.Build.0 = Debug|Any CPU
		{BC17E210-4446-4D1E-8A90-0BE82CD62F64}.Debug|x86.ActiveCfg = Debug|Any CPU
		{BC17E210-4446-4D1E-8A90-0BE82CD62F64}.Debug|x86.Build.0 = Debug|Any CPU
		{BC17E210-4446-4D1E-8A90-0BE82CD62F64}.Release|Any CPU.ActiveCfg = Release|Any CPU
		{BC17E210-4446-4D1E-8A90-0BE82CD62F64}.Release|Any CPU.Build.0 = Release|Any CPU
		{BC17E210-4446-4D1E-8A90-0BE82CD62F64}.Release|x64.ActiveCfg = Release|Any CPU
		{BC17E210-4446-4D1E-8A90-0BE82CD62F64}.Release|x64.Build.0 = Release|Any CPU
		{BC17E210-4446-4D1E-8A90-0BE82CD62F64}.Release|x86.ActiveCfg = Release|Any CPU
		{BC17E210-4446-4D1E-8A90-0BE82CD62F64}.Release|x86.Build.0 = Release|Any CPU
	EndGlobalSection
	GlobalSection(SolutionProperties) = preSolution
		HideSolutionNode = FALSE
	EndGlobalSection
	GlobalSection(ExtensibilityGlobals) = postSolution
		SolutionGuid = {DD43FB22-1635-4EA2-8129-179A9EB8F2DC}
	EndGlobalSection
EndGlobal
